
Microsoft Visual Studio Solution File, Format Version 12.00
# Visual Studio Version 17
VisualStudioVersion = 17.10.34607.79
MinimumVisualStudioVersion = 10.0.40219.1
Project("{8BC9CEB8-8B4A-11D0-8D11-00A0C91BC942}") = "ParadigmaOOP2_0130", "ParadigmaOOP2_0130\ParadigmaOOP2_0130.vcxproj", "{F5F947E0-4CC7-4E18-A563-1028046791FA}"
EndProject
Project("{8BC9CEB8-8B4A-11D0-8D11-00A0C91BC942}") = "Enkapsulasi", "Enkapsulasi\Enkapsulasi.vcxproj", "{7932ECBB-337E-436C-B7A4-A9CF9A7EAF5B}"
EndProject
Project("{8BC9CEB8-8B4A-11D0-8D11-00A0C91BC942}") = "NoOverriding", "NoOverriding\NoOverriding.vcxproj", "{38364A13-4E72-4952-9F59-0ECA3CBB62E3}"
EndProject
Project("{8BC9CEB8-8B4A-11D0-8D11-00A0C91BC942}") = "Abstraksi", "Abstraksi\Abstraksi.vcxproj", "{1CDBDC46-8D81-4F3D-B175-17583773BCE8}"
EndProject
Project("{8BC9CEB8-8B4A-11D0-8D11-00A0C91BC942}") = "solveMultiwaris", "solveMultiwaris\solveMultiwaris.vcxproj", "{5CD0E356-7B54-4301-8D80-368CD64F8461}"
EndProject
Global
	GlobalSection(SolutionConfigurationPlatforms) = preSolution
		Debug|x64 = Debug|x64
		Debug|x86 = Debug|x86
		Release|x64 = Release|x64
		Release|x86 = Release|x86
	EndGlobalSection
	GlobalSection(ProjectConfigurationPlatforms) = postSolution
		{F5F947E0-4CC7-4E18-A563-1028046791FA}.Debug|x64.ActiveCfg = Debug|x64
		{F5F947E0-4CC7-4E18-A563-1028046791FA}.Debug|x64.Build.0 = Debug|x64
		{F5F947E0-4CC7-4E18-A563-1028046791FA}.Debug|x86.ActiveCfg = Debug|Win32
		{F5F947E0-4CC7-4E18-A563-1028046791FA}.Debug|x86.Build.0 = Debug|Win32
		{F5F947E0-4CC7-4E18-A563-1028046791FA}.Release|x64.ActiveCfg = Release|x64
		{F5F947E0-4CC7-4E18-A563-1028046791FA}.Release|x64.Build.0 = Release|x64
		{F5F947E0-4CC7-4E18-A563-1028046791FA}.Release|x86.ActiveCfg = Release|Win32
		{F5F947E0-4CC7-4E18-A563-1028046791FA}.Release|x86.Build.0 = Release|Win32
		{7932ECBB-337E-436C-B7A4-A9CF9A7EAF5B}.Debug|x64.ActiveCfg = Debug|x64
		{7932ECBB-337E-436C-B7A4-A9CF9A7EAF5B}.Debug|x64.Build.0 = Debug|x64
		{7932ECBB-337E-436C-B7A4-A9CF9A7EAF5B}.Debug|x86.ActiveCfg = Debug|Win32
		{7932ECBB-337E-436C-B7A4-A9CF9A7EAF5B}.Debug|x86.Build.0 = Debug|Win32
		{7932ECBB-337E-436C-B7A4-A9CF9A7EAF5B}.Release|x64.ActiveCfg = Release|x64
		{7932ECBB-337E-436C-B7A4-A9CF9A7EAF5B}.Release|x64.Build.0 = Release|x64
		{7932ECBB-337E-436C-B7A4-A9CF9A7EAF5B}.Release|x86.ActiveCfg = Release|Win32
		{7932ECBB-337E-436C-B7A4-A9CF9A7EAF5B}.Release|x86.Build.0 = Release|Win32
		{38364A13-4E72-4952-9F59-0ECA3CBB62E3}.Debug|x64.ActiveCfg = Debug|x64
		{38364A13-4E72-4952-9F59-0ECA3CBB62E3}.Debug|x64.Build.0 = Debug|x64
		{38364A13-4E72-4952-9F59-0ECA3CBB62E3}.Debug|x86.ActiveCfg = Debug|Win32
		{38364A13-4E72-4952-9F59-0ECA3CBB62E3}.Debug|x86.Build.0 = Debug|Win32
		{38364A13-4E72-4952-9F59-0ECA3CBB62E3}.Release|x64.ActiveCfg = Release|x64
		{38364A13-4E72-4952-9F59-0ECA3CBB62E3}.Release|x64.Build.0 = Release|x64
		{38364A13-4E72-4952-9F59-0ECA3CBB62E3}.Release|x86.ActiveCfg = Release|Win32
		{38364A13-4E72-4952-9F59-0ECA3CBB62E3}.Release|x86.Build.0 = Release|Win32
		{1CDBDC46-8D81-4F3D-B175-17583773BCE8}.Debug|x64.ActiveCfg = Debug|x64
		{1CDBDC46-8D81-4F3D-B175-17583773BCE8}.Debug|x64.Build.0 = Debug|x64
		{1CDBDC46-8D81-4F3D-B175-17583773BCE8}.Debug|x86.ActiveCfg = Debug|Win32
		{1CDBDC46-8D81-4F3D-B175-17583773BCE8}.Debug|x86.Build.0 = Debug|Win32
		{1CDBDC46-8D81-4F3D-B175-17583773BCE8}.Release|x64.ActiveCfg = Release|x64
		{1CDBDC46-8D81-4F3D-B175-17583773BCE8}.Release|x64.Build.0 = Release|x64
		{1CDBDC46-8D81-4F3D-B175-17583773BCE8}.Release|x86.ActiveCfg = Release|Win32
		{1CDBDC46-8D81-4F3D-B175-17583773BCE8}.Release|x86.Build.0 = Release|Win32
		{5CD0E356-7B54-4301-8D80-368CD64F8461}.Debug|x64.ActiveCfg = Debug|x64
		{5CD0E356-7B54-4301-8D80-368CD64F8461}.Debug|x64.Build.0 = Debug|x64
		{5CD0E356-7B54-4301-8D80-368CD64F8461}.Debug|x86.ActiveCfg = Debug|Win32
		{5CD0E356-7B54-4301-8D80-368CD64F8461}.Debug|x86.Build.0 = Debug|Win32
		{5CD0E356-7B54-4301-8D80-368CD64F8461}.Release|x64.ActiveCfg = Release|x64
		{5CD0E356-7B54-4301-8D80-368CD64F8461}.Release|x64.Build.0 = Release|x64
		{5CD0E356-7B54-4301-8D80-368CD64F8461}.Release|x86.ActiveCfg = Release|Win32
		{5CD0E356-7B54-4301-8D80-368CD64F8461}.Release|x86.Build.0 = Release|Win32
	EndGlobalSection
	GlobalSection(SolutionProperties) = preSolution
		HideSolutionNode = FALSE
	EndGlobalSection
	GlobalSection(ExtensibilityGlobals) = postSolution
		SolutionGuid = {EA9B7B58-5CA8-44B8-805B-7F398F8FF98C}
	EndGlobalSection
EndGlobal
